// !$*UTF8*$!
{
	archiveVersion = 1;
	classes = {
	};
	objectVersion = 50;
	objects = {

/* Begin PBXBuildFile section */
		2A4BA363233A6248000F6A41 /* AppDelegate.swift in Sources */ = {isa = PBXBuildFile; fileRef = 2A4BA362233A6248000F6A41 /* AppDelegate.swift */; };
		2A4BA365233A6248000F6A41 /* ViewController.swift in Sources */ = {isa = PBXBuildFile; fileRef = 2A4BA364233A6248000F6A41 /* ViewController.swift */; };
		2A4BA368233A6248000F6A41 /* Main.storyboard in Resources */ = {isa = PBXBuildFile; fileRef = 2A4BA366233A6248000F6A41 /* Main.storyboard */; };
		2A4BA36B233A6248000F6A41 /* Egg_Timer___L5.xcdatamodeld in Sources */ = {isa = PBXBuildFile; fileRef = 2A4BA369233A6248000F6A41 /* Egg_Timer___L5.xcdatamodeld */; };
		2A4BA36D233A6280000F6A41 /* Assets.xcassets in Resources */ = {isa = PBXBuildFile; fileRef = 2A4BA36C233A6280000F6A41 /* Assets.xcassets */; };
		2A4BA370233A6280000F6A41 /* LaunchScreen.storyboard in Resources */ = {isa = PBXBuildFile; fileRef = 2A4BA36E233A6280000F6A41 /* LaunchScreen.storyboard */; };
/* End PBXBuildFile section */

/* Begin PBXFileReference section */
		2A4BA35F233A6247000F6A41 /* Egg Timer - L5.app */ = {isa = PBXFileReference; explicitFileType = wrapper.application; includeInIndex = 0; path = "Egg Timer - L5.app"; sourceTree = BUILT_PRODUCTS_DIR; };
		2A4BA362233A6248000F6A41 /* AppDelegate.swift */ = {isa = PBXFileReference; lastKnownFileType = sourcecode.swift; path = AppDelegate.swift; sourceTree = "<group>"; };
		2A4BA364233A6248000F6A41 /* ViewController.swift */ = {isa = PBXFileReference; lastKnownFileType = sourcecode.swift; path = ViewController.swift; sourceTree = "<group>"; };
		2A4BA367233A6248000F6A41 /* Base */ = {isa = PBXFileReference; lastKnownFileType = file.storyboard; name = Base; path = Base.lproj/Main.storyboard; sourceTree = "<group>"; };
		2A4BA36A233A6248000F6A41 /* Egg_Timer___L5.xcdatamodel */ = {isa = PBXFileReference; lastKnownFileType = wrapper.xcdatamodel; path = "Egg_Timer___L5.xcdatamodel"; sourceTree = "<group>"; };
		2A4BA36C233A6280000F6A41 /* Assets.xcassets */ = {isa = PBXFileReference; lastKnownFileType = folder.assetcatalog; path = Assets.xcassets; sourceTree = "<group>"; };
		2A4BA36F233A6280000F6A41 /* Base */ = {isa = PBXFileReference; lastKnownFileType = file.storyboard; name = Base; path = Base.lproj/LaunchScreen.storyboard; sourceTree = "<group>"; };
		2A4BA371233A6280000F6A41 /* Info.plist */ = {isa = PBXFileReference; lastKnownFileType = text.plist.xml; path = Info.plist; sourceTree = "<group>"; };
/* End PBXFileReference section */

/* Begin PBXFrameworksBuildPhase section */
		2A4BA35C233A6247000F6A41 /* Frameworks */ = {
			isa = PBXFrameworksBuildPhase;
			buildActionMask = 2147483647;
			files = (
			);
			runOnlyForDeploymentPostprocessing = 0;
		};
/* End PBXFrameworksBuildPhase section */

/* Begin PBXGroup section */
		2A4BA356233A6245000F6A41 = {
			isa = PBXGroup;
			children = (
				2A4BA361233A6247000F6A41 /* Egg Timer - L5 */,
				2A4BA360233A6247000F6A41 /* Products */,
			);
			sourceTree = "<group>";
		};
		2A4BA360233A6247000F6A41 /* Products */ = {
			isa = PBXGroup;
			children = (
				2A4BA35F233A6247000F6A41 /* Egg Timer - L5.app */,
			);
			name = Products;
			sourceTree = "<group>";
		};
		2A4BA361233A6247000F6A41 /* Egg Timer - L5 */ = {
			isa = PBXGroup;
			children = (
				2A4BA362233A6248000F6A41 /* AppDelegate.swift */,
				2A4BA364233A6248000F6A41 /* ViewController.swift */,
				2A4BA366233A6248000F6A41 /* Main.storyboard */,
				2A4BA36C233A6280000F6A41 /* Assets.xcassets */,
				2A4BA36E233A6280000F6A41 /* LaunchScreen.storyboard */,
				2A4BA371233A6280000F6A41 /* Info.plist */,
				2A4BA369233A6248000F6A41 /* Egg_Timer___L5.xcdatamodeld */,
			);
			path = "Egg Timer - L5";
			sourceTree = "<group>";
		};
/* End PBXGroup section */

/* Begin PBXNativeTarget section */
		2A4BA35E233A6247000F6A41 /* Egg Timer - L5 */ = {
			isa = PBXNativeTarget;
			buildConfigurationList = 2A4BA374233A6280000F6A41 /* Build configuration list for PBXNativeTarget "Egg Timer - L5" */;
			buildPhases = (
				2A4BA35B233A6247000F6A41 /* Sources */,
				2A4BA35C233A6247000F6A41 /* Frameworks */,
				2A4BA35D233A6247000F6A41 /* Resources */,
			);
			buildRules = (
			);
			dependencies = (
			);
			name = "Egg Timer - L5";
			productName = "Egg Timer - L5";
			productReference = 2A4BA35F233A6247000F6A41 /* Egg Timer - L5.app */;
			productType = "com.apple.product-type.application";
		};
/* End PBXNativeTarget section */

/* Begin PBXProject section */
		2A4BA357233A6246000F6A41 /* Project object */ = {
			isa = PBXProject;
			attributes = {
				LastSwiftUpdateCheck = 1030;
				LastUpgradeCheck = 1030;
				ORGANIZATIONNAME = "Iván González Acuña";
				TargetAttributes = {
					2A4BA35E233A6247000F6A41 = {
						CreatedOnToolsVersion = 10.3;
					};
				};
			};
			buildConfigurationList = 2A4BA35A233A6246000F6A41 /* Build configuration list for PBXProject "Egg Timer - L5" */;
			compatibilityVersion = "Xcode 9.3";
			developmentRegion = en;
			hasScannedForEncodings = 0;
			knownRegions = (
				en,
				Base,
			);
			mainGroup = 2A4BA356233A6245000F6A41;
			productRefGroup = 2A4BA360233A6247000F6A41 /* Products */;
			projectDirPath = "";
			projectRoot = "";
			targets = (
				2A4BA35E233A6247000F6A41 /* Egg Timer - L5 */,
			);
		};
/* End PBXProject section */

/* Begin PBXResourcesBuildPhase section */
		2A4BA35D233A6247000F6A41 /* Resources */ = {
			isa = PBXResourcesBuildPhase;
			buildActionMask = 2147483647;
			files = (
				2A4BA370233A6280000F6A41 /* LaunchScreen.storyboard in Resources */,
				2A4BA36D233A6280000F6A41 /* Assets.xcassets in Resources */,
				2A4BA368233A6248000F6A41 /* Main.storyboard in Resources */,
			);
			runOnlyForDeploymentPostprocessing = 0;
		};
/* End PBXResourcesBuildPhase section */

/* Begin PBXSourcesBuildPhase section */
		2A4BA35B233A6247000F6A41 /* Sources */ = {
			isa = PBXSourcesBuildPhase;
			buildActionMask = 2147483647;
			files = (
				2A4BA365233A6248000F6A41 /* ViewController.swift in Sources */,
				2A4BA36B233A6248000F6A41 /* Egg_Timer___L5.xcdatamodeld in Sources */,
				2A4BA363233A6248000F6A41 /* AppDelegate.swift in Sources */,
			);
			runOnlyForDeploymentPostprocessing = 0;
		};
/* End PBXSourcesBuildPhase section */

/* Begin PBXVariantGroup section */
		2A4BA366233A6248000F6A41 /* Main.storyboard */ = {
			isa = PBXVariantGroup;
			children = (
				2A4BA367233A6248000F6A41 /* Base */,
			);
			name = Main.storyboard;
			sourceTree = "<group>";
		};
		2A4BA36E233A6280000F6A41 /* LaunchScreen.storyboard */ = {
			isa = PBXVariantGroup;
			children = (
				2A4BA36F233A6280000F6A41 /* Base */,
			);
			name = LaunchScreen.storyboard;
			sourceTree = "<group>";
		};
/* End PBXVariantGroup section */

/* Begin XCBuildConfiguration section */
		2A4BA372233A6280000F6A41 /* Debug */ = {
			isa = XCBuildConfiguration;
			buildSettings = {
				ALWAYS_SEARCH_USER_PATHS = NO;
				CLANG_ANALYZER_NONNULL = YES;
				CLANG_ANALYZER_NUMBER_OBJECT_CONVERSION = YES_AGGRESSIVE;
				CLANG_CXX_LANGUAGE_STANDARD = "gnu++14";
				CLANG_CXX_LIBRARY = "libc++";
				CLANG_ENABLE_MODULES = YES;
				CLANG_ENABLE_OBJC_ARC = YES;
				CLANG_ENABLE_OBJC_WEAK = YES;
				CLANG_WARN_BLOCK_CAPTURE_AUTORELEASING = YES;
				CLANG_WARN_BOOL_CONVERSION = YES;
				CLANG_WARN_COMMA = YES;
				CLANG_WARN_CONSTANT_CONVERSION = YES;
				CLANG_WARN_DEPRECATED_OBJC_IMPLEMENTATIONS = YES;
				CLANG_WARN_DIRECT_OBJC_ISA_USAGE = YES_ERROR;
				CLANG_WARN_DOCUMENTATION_COMMENTS = YES;
				CLANG_WARN_EMPTY_BODY = YES;
				CLANG_WARN_ENUM_CONVERSION = YES;
				CLANG_WARN_INFINITE_RECURSION = YES;
				CLANG_WARN_INT_CONVERSION = YES;
				CLANG_WARN_NON_LITERAL_NULL_CONVERSION = YES;
				CLANG_WARN_OBJC_IMPLICIT_RETAIN_SELF = YES;
				CLANG_WARN_OBJC_LITERAL_CONVERSION = YES;
				CLANG_WARN_OBJC_ROOT_CLASS = YES_ERROR;
				CLANG_WARN_RANGE_LOOP_ANALYSIS = YES;
				CLANG_WARN_STRICT_PROTOTYPES = YES;
				CLANG_WARN_SUSPICIOUS_MOVE = YES;
				CLANG_WARN_UNGUARDED_AVAILABILITY = YES_AGGRESSIVE;
				CLANG_WARN_UNREACHABLE_CODE = YES;
				CLANG_WARN__DUPLICATE_METHOD_MATCH = YES;
				CODE_SIGN_IDENTITY = "iPhone Developer";
				COPY_PHASE_STRIP = NO;
				DEBUG_INFORMATION_FORMAT = dwarf;
				ENABLE_STRICT_OBJC_MSGSEND = YES;
				ENABLE_TESTABILITY = YES;
				GCC_C_LANGUAGE_STANDARD = gnu11;
				GCC_DYNAMIC_NO_PIC = NO;
				GCC_NO_COMMON_BLOCKS = YES;
				GCC_OPTIMIZATION_LEVEL = 0;
				GCC_PREPROCESSOR_DEFINITIONS = (
					"DEBUG=1",
					"$(inherited)",
				);
				GCC_WARN_64_TO_32_BIT_CONVERSION = YES;
				GCC_WARN_ABOUT_RETURN_TYPE = YES_ERROR;
				GCC_WARN_UNDECLARED_SELECTOR = YES;
				GCC_WARN_UNINITIALIZED_AUTOS = YES_AGGRESSIVE;
				GCC_WARN_UNUSED_FUNCTION = YES;
				GCC_WARN_UNUSED_VARIABLE = YES;
				IPHONEOS_DEPLOYMENT_TARGET = 12.4;
				MTL_ENABLE_DEBUG_INFO = INCLUDE_SOURCE;
				MTL_FAST_MATH = YES;
				ONLY_ACTIVE_ARCH = YES;
				SDKROOT = iphoneos;
				SWIFT_ACTIVE_COMPILATION_CONDITIONS = DEBUG;
				SWIFT_OPTIMIZATION_LEVEL = "-Onone";
			};
			name = Debug;
		};
		2A4BA373233A6280000F6A41 /* Release */ = {
			isa = XCBuildConfiguration;
			buildSettings = {
				ALWAYS_SEARCH_USER_PATHS = NO;
				CLANG_ANALYZER_NONNULL = YES;
				CLANG_ANALYZER_NUMBER_OBJECT_CONVERSION = YES_AGGRESSIVE;
				CLANG_CXX_LANGUAGE_STANDARD = "gnu++14";
				CLANG_CXX_LIBRARY = "libc++";
				CLANG_ENABLE_MODULES = YES;
				CLANG_ENABLE_OBJC_ARC = YES;
				CLANG_ENABLE_OBJC_WEAK = YES;
				CLANG_WARN_BLOCK_CAPTURE_AUTORELEASING = YES;
				CLANG_WARN_BOOL_CONVERSION = YES;
				CLANG_WARN_COMMA = YES;
				CLANG_WARN_CONSTANT_CONVERSION = YES;
				CLANG_WARN_DEPRECATED_OBJC_IMPLEMENTATIONS = YES;
				CLANG_WARN_DIRECT_OBJC_ISA_USAGE = YES_ERROR;
				CLANG_WARN_DOCUMENTATION_COMMENTS = YES;
				CLANG_WARN_EMPTY_BODY = YES;
				CLANG_WARN_ENUM_CONVERSION = YES;
				CLANG_WARN_INFINITE_RECURSION = YES;
				CLANG_WARN_INT_CONVERSION = YES;
				CLANG_WARN_NON_LITERAL_NULL_CONVERSION = YES;
				CLANG_WARN_OBJC_IMPLICIT_RETAIN_SELF = YES;
				CLANG_WARN_OBJC_LITERAL_CONVERSION = YES;
				CLANG_WARN_OBJC_ROOT_CLASS = YES_ERROR;
				CLANG_WARN_RANGE_LOOP_ANALYSIS = YES;
				CLANG_WARN_STRICT_PROTOTYPES = YES;
				CLANG_WARN_SUSPICIOUS_MOVE = YES;
				CLANG_WARN_UNGUARDED_AVAILABILITY = YES_AGGRESSIVE;
				CLANG_WARN_UNREACHABLE_CODE = YES;
				CLANG_WARN__DUPLICATE_METHOD_MATCH = YES;
				CODE_SIGN_IDENTITY = "iPhone Developer";
				COPY_PHASE_STRIP = NO;
				DEBUG_INFORMATION_FORMAT = "dwarf-with-dsym";
				ENABLE_NS_ASSERTIONS = NO;
				ENABLE_STRICT_OBJC_MSGSEND = YES;
				GCC_C_LANGUAGE_STANDARD = gnu11;
				GCC_NO_COMMON_BLOCKS = YES;
				GCC_WARN_64_TO_32_BIT_CONVERSION = YES;
				GCC_WARN_ABOUT_RETURN_TYPE = YES_ERROR;
				GCC_WARN_UNDECLARED_SELECTOR = YES;
				GCC_WARN_UNINITIALIZED_AUTOS = YES_AGGRESSIVE;
				GCC_WARN_UNUSED_FUNCTION = YES;
				GCC_WARN_UNUSED_VARIABLE = YES;
				IPHONEOS_DEPLOYMENT_TARGET = 12.4;
				MTL_ENABLE_DEBUG_INFO = NO;
				MTL_FAST_MATH = YES;
				SDKROOT = iphoneos;
				SWIFT_COMPILATION_MODE = wholemodule;
				SWIFT_OPTIMIZATION_LEVEL = "-O";
				VALIDATE_PRODUCT = YES;
			};
			name = Release;
		};
		2A4BA375233A6280000F6A41 /* Debug */ = {
			isa = XCBuildConfiguration;
			buildSettings = {
				ASSETCATALOG_COMPILER_APPICON_NAME = AppIcon;
				CODE_SIGN_STYLE = Automatic;
				INFOPLIST_FILE = "Egg Timer - L5/Info.plist";
				LD_RUNPATH_SEARCH_PATHS = (
					"$(inherited)",
					"@executable_path/Frameworks",
				);
				PRODUCT_BUNDLE_IDENTIFIER = "oamk.fi.Egg-Timer---L5";
				PRODUCT_NAME = "$(TARGET_NAME)";
				SWIFT_VERSION = 5.0;
				TARGETED_DEVICE_FAMILY = "1,2";
			};
			name = Debug;
		};
		2A4BA376233A6280000F6A41 /* Release */ = {
			isa = XCBuildConfiguration;
			buildSettings = {
				ASSETCATALOG_COMPILER_APPICON_NAME = AppIcon;
				CODE_SIGN_STYLE = Automatic;
				INFOPLIST_FILE = "Egg Timer - L5/Info.plist";
				LD_RUNPATH_SEARCH_PATHS = (
					"$(inherited)",
					"@executable_path/Frameworks",
				);
				PRODUCT_BUNDLE_IDENTIFIER = "oamk.fi.Egg-Timer---L5";
				PRODUCT_NAME = "$(TARGET_NAME)";
				SWIFT_VERSION = 5.0;
				TARGETED_DEVICE_FAMILY = "1,2";
			};
			name = Release;
		};
/* End XCBuildConfiguration section */

/* Begin XCConfigurationList section */
		2A4BA35A233A6246000F6A41 /* Build configuration list for PBXProject "Egg Timer - L5" */ = {
			isa = XCConfigurationList;
			buildConfigurations = (
				2A4BA372233A6280000F6A41 /* Debug */,
				2A4BA373233A6280000F6A41 /* Release */,
			);
			defaultConfigurationIsVisible = 0;
			defaultConfigurationName = Release;
		};
		2A4BA374233A6280000F6A41 /* Build configuration list for PBXNativeTarget "Egg Timer - L5" */ = {
			isa = XCConfigurationList;
			buildConfigurations = (
				2A4BA375233A6280000F6A41 /* Debug */,
				2A4BA376233A6280000F6A41 /* Release */,
			);
			defaultConfigurationIsVisible = 0;
			defaultConfigurationName = Release;
		};
/* End XCConfigurationList section */

/* Begin XCVersionGroup section */
		2A4BA369233A6248000F6A41 /* Egg_Timer___L5.xcdatamodeld */ = {
			isa = XCVersionGroup;
			children = (
				2A4BA36A233A6248000F6A41 /* Egg_Timer___L5.xcdatamodel */,
			);
			currentVersion = 2A4BA36A233A6248000F6A41 /* Egg_Timer___L5.xcdatamodel */;
			path = "Egg_Timer___L5.xcdatamodeld";
			sourceTree = "<group>";
			versionGroupType = wrapper.xcdatamodel;
		};
/* End XCVersionGroup section */
	};
	rootObject = 2A4BA357233A6246000F6A41 /* Project object */;
}
